
Microsoft Visual Studio Solution File, Format Version 12.00
# Visual Studio Version 17
VisualStudioVersion = 17.11.35327.3
MinimumVisualStudioVersion = 10.0.40219.1
Project("{8BC9CEB8-8B4A-11D0-8D11-00A0C91BC942}") = "APP", "APP\APP.vcxproj", "{514679CD-5F70-438E-AAC9-E3F489B3657B}"
	ProjectSection(ProjectDependencies) = postProject
		{36207CB6-29AD-4F8E-A00E-F1556C5A453B} = {36207CB6-29AD-4F8E-A00E-F1556C5A453B}
		{4056DF72-44E3-4D9E-9ED2-D8E8998EFCF3} = {4056DF72-44E3-4D9E-9ED2-D8E8998EFCF3}
		{808FEDD6-4999-45A5-AE7A-22862FA65441} = {808FEDD6-4999-45A5-AE7A-22862FA65441}
		{91FF1A52-8D00-484B-A715-CBCCC28063BE} = {91FF1A52-8D00-484B-A715-CBCCC28063BE}
	EndProjectSection
EndProject
Project("{2150E333-8FDC-42A3-9474-1A3956D46DE8}") = "4_App", "4_App", "{3E2C0F68-61DE-4502-9B78-30CA01FF58B4}"
EndProject
Project("{8BC9CEB8-8B4A-11D0-8D11-00A0C91BC942}") = "EngineBase", "EngineBase\EngineBase.vcxproj", "{91FF1A52-8D00-484B-A715-CBCCC28063BE}"
EndProject
Project("{2150E333-8FDC-42A3-9474-1A3956D46DE8}") = "0_Base", "0_Base", "{D5C38CE9-E3FF-4358-A188-C91641ACE2E8}"
EndProject
Project("{8BC9CEB8-8B4A-11D0-8D11-00A0C91BC942}") = "EnginePlatform", "EnginePlatform\EnginePlatform.vcxproj", "{808FEDD6-4999-45A5-AE7A-22862FA65441}"
	ProjectSection(ProjectDependencies) = postProject
		{91FF1A52-8D00-484B-A715-CBCCC28063BE} = {91FF1A52-8D00-484B-A715-CBCCC28063BE}
	EndProjectSection
EndProject
Project("{8BC9CEB8-8B4A-11D0-8D11-00A0C91BC942}") = "EngineCore", "EngineCore\EngineCore.vcxproj", "{4056DF72-44E3-4D9E-9ED2-D8E8998EFCF3}"
	ProjectSection(ProjectDependencies) = postProject
		{808FEDD6-4999-45A5-AE7A-22862FA65441} = {808FEDD6-4999-45A5-AE7A-22862FA65441}
		{91FF1A52-8D00-484B-A715-CBCCC28063BE} = {91FF1A52-8D00-484B-A715-CBCCC28063BE}
	EndProjectSection
EndProject
Project("{8BC9CEB8-8B4A-11D0-8D11-00A0C91BC942}") = "Little_Witch_In_The_Woods", "Little_Witch_In_The_Woods\Little_Witch_In_The_Woods.vcxproj", "{36207CB6-29AD-4F8E-A00E-F1556C5A453B}"
	ProjectSection(ProjectDependencies) = postProject
		{4056DF72-44E3-4D9E-9ED2-D8E8998EFCF3} = {4056DF72-44E3-4D9E-9ED2-D8E8998EFCF3}
		{808FEDD6-4999-45A5-AE7A-22862FA65441} = {808FEDD6-4999-45A5-AE7A-22862FA65441}
		{91FF1A52-8D00-484B-A715-CBCCC28063BE} = {91FF1A52-8D00-484B-A715-CBCCC28063BE}
	EndProjectSection
EndProject
Project("{2150E333-8FDC-42A3-9474-1A3956D46DE8}") = "1_OS", "1_OS", "{C7BFDB5B-81E9-4AF5-A179-0B17BFBABEA8}"
EndProject
Project("{2150E333-8FDC-42A3-9474-1A3956D46DE8}") = "2_Engine", "2_Engine", "{7723B5DA-25CF-4130-8D1C-F379C51773C1}"
EndProject
Project("{2150E333-8FDC-42A3-9474-1A3956D46DE8}") = "3_Contents", "3_Contents", "{6EBC883D-443F-48B7-89BE-9EEA9DC794F6}"
EndProject
Global
	GlobalSection(SolutionConfigurationPlatforms) = preSolution
		Debug|x64 = Debug|x64
		Debug|x86 = Debug|x86
		Release|x64 = Release|x64
		Release|x86 = Release|x86
	EndGlobalSection
	GlobalSection(ProjectConfigurationPlatforms) = postSolution
		{514679CD-5F70-438E-AAC9-E3F489B3657B}.Debug|x64.ActiveCfg = Debug|x64
		{514679CD-5F70-438E-AAC9-E3F489B3657B}.Debug|x64.Build.0 = Debug|x64
		{514679CD-5F70-438E-AAC9-E3F489B3657B}.Debug|x86.ActiveCfg = Debug|Win32
		{514679CD-5F70-438E-AAC9-E3F489B3657B}.Debug|x86.Build.0 = Debug|Win32
		{514679CD-5F70-438E-AAC9-E3F489B3657B}.Release|x64.ActiveCfg = Release|x64
		{514679CD-5F70-438E-AAC9-E3F489B3657B}.Release|x64.Build.0 = Release|x64
		{514679CD-5F70-438E-AAC9-E3F489B3657B}.Release|x86.ActiveCfg = Release|Win32
		{514679CD-5F70-438E-AAC9-E3F489B3657B}.Release|x86.Build.0 = Release|Win32
		{91FF1A52-8D00-484B-A715-CBCCC28063BE}.Debug|x64.ActiveCfg = Debug|x64
		{91FF1A52-8D00-484B-A715-CBCCC28063BE}.Debug|x64.Build.0 = Debug|x64
		{91FF1A52-8D00-484B-A715-CBCCC28063BE}.Debug|x86.ActiveCfg = Debug|Win32
		{91FF1A52-8D00-484B-A715-CBCCC28063BE}.Debug|x86.Build.0 = Debug|Win32
		{91FF1A52-8D00-484B-A715-CBCCC28063BE}.Release|x64.ActiveCfg = Release|x64
		{91FF1A52-8D00-484B-A715-CBCCC28063BE}.Release|x64.Build.0 = Release|x64
		{91FF1A52-8D00-484B-A715-CBCCC28063BE}.Release|x86.ActiveCfg = Release|Win32
		{91FF1A52-8D00-484B-A715-CBCCC28063BE}.Release|x86.Build.0 = Release|Win32
		{808FEDD6-4999-45A5-AE7A-22862FA65441}.Debug|x64.ActiveCfg = Debug|x64
		{808FEDD6-4999-45A5-AE7A-22862FA65441}.Debug|x64.Build.0 = Debug|x64
		{808FEDD6-4999-45A5-AE7A-22862FA65441}.Debug|x86.ActiveCfg = Debug|Win32
		{808FEDD6-4999-45A5-AE7A-22862FA65441}.Debug|x86.Build.0 = Debug|Win32
		{808FEDD6-4999-45A5-AE7A-22862FA65441}.Release|x64.ActiveCfg = Release|x64
		{808FEDD6-4999-45A5-AE7A-22862FA65441}.Release|x64.Build.0 = Release|x64
		{808FEDD6-4999-45A5-AE7A-22862FA65441}.Release|x86.ActiveCfg = Release|Win32
		{808FEDD6-4999-45A5-AE7A-22862FA65441}.Release|x86.Build.0 = Release|Win32
		{4056DF72-44E3-4D9E-9ED2-D8E8998EFCF3}.Debug|x64.ActiveCfg = Debug|x64
		{4056DF72-44E3-4D9E-9ED2-D8E8998EFCF3}.Debug|x64.Build.0 = Debug|x64
		{4056DF72-44E3-4D9E-9ED2-D8E8998EFCF3}.Debug|x86.ActiveCfg = Debug|Win32
		{4056DF72-44E3-4D9E-9ED2-D8E8998EFCF3}.Debug|x86.Build.0 = Debug|Win32
		{4056DF72-44E3-4D9E-9ED2-D8E8998EFCF3}.Release|x64.ActiveCfg = Release|x64
		{4056DF72-44E3-4D9E-9ED2-D8E8998EFCF3}.Release|x64.Build.0 = Release|x64
		{4056DF72-44E3-4D9E-9ED2-D8E8998EFCF3}.Release|x86.ActiveCfg = Release|Win32
		{4056DF72-44E3-4D9E-9ED2-D8E8998EFCF3}.Release|x86.Build.0 = Release|Win32
		{36207CB6-29AD-4F8E-A00E-F1556C5A453B}.Debug|x64.ActiveCfg = Debug|x64
		{36207CB6-29AD-4F8E-A00E-F1556C5A453B}.Debug|x64.Build.0 = Debug|x64
		{36207CB6-29AD-4F8E-A00E-F1556C5A453B}.Debug|x86.ActiveCfg = Debug|Win32
		{36207CB6-29AD-4F8E-A00E-F1556C5A453B}.Debug|x86.Build.0 = Debug|Win32
		{36207CB6-29AD-4F8E-A00E-F1556C5A453B}.Release|x64.ActiveCfg = Release|x64
		{36207CB6-29AD-4F8E-A00E-F1556C5A453B}.Release|x64.Build.0 = Release|x64
		{36207CB6-29AD-4F8E-A00E-F1556C5A453B}.Release|x86.ActiveCfg = Release|Win32
		{36207CB6-29AD-4F8E-A00E-F1556C5A453B}.Release|x86.Build.0 = Release|Win32
	EndGlobalSection
	GlobalSection(SolutionProperties) = preSolution
		HideSolutionNode = FALSE
	EndGlobalSection
	GlobalSection(NestedProjects) = preSolution
		{514679CD-5F70-438E-AAC9-E3F489B3657B} = {3E2C0F68-61DE-4502-9B78-30CA01FF58B4}
		{91FF1A52-8D00-484B-A715-CBCCC28063BE} = {D5C38CE9-E3FF-4358-A188-C91641ACE2E8}
		{808FEDD6-4999-45A5-AE7A-22862FA65441} = {C7BFDB5B-81E9-4AF5-A179-0B17BFBABEA8}
		{4056DF72-44E3-4D9E-9ED2-D8E8998EFCF3} = {7723B5DA-25CF-4130-8D1C-F379C51773C1}
		{36207CB6-29AD-4F8E-A00E-F1556C5A453B} = {6EBC883D-443F-48B7-89BE-9EEA9DC794F6}
	EndGlobalSection
	GlobalSection(ExtensibilityGlobals) = postSolution
		SolutionGuid = {B66AF2A2-0BEC-498F-B1B8-85EB88B60F54}
	EndGlobalSection
EndGlobal
