<?xml version="1.0" encoding="utf-8"?>
<Project ToolsVersion="4.0" xmlns="http://schemas.microsoft.com/developer/msbuild/2003">
  <ItemGroup>
    <ClInclude Include="PreCompile.h">
      <Filter>_PreCompile</Filter>
    </ClInclude>
    <ClInclude Include="LWIWContentsCore.h" />
    <ClInclude Include="TitleGameMode.h">
      <Filter>GameMode</Filter>
    </ClInclude>
    <ClInclude Include="TitleLogo.h">
      <Filter>Title</Filter>
    </ClInclude>
    <ClInclude Include="TitleBackground.h">
      <Filter>Title</Filter>
    </ClInclude>
    <ClInclude Include="PlayGameMode.h">
      <Filter>GameMode</Filter>
    </ClInclude>
    <ClInclude Include="TitleMoon.h">
      <Filter>Title</Filter>
    </ClInclude>
    <ClInclude Include="TitleMountain.h">
      <Filter>Title</Filter>
    </ClInclude>
    <ClInclude Include="TitleBridge.h">
      <Filter>Title</Filter>
    </ClInclude>
    <ClInclude Include="TitleTrain.h">
      <Filter>Title</Filter>
    </ClInclude>
    <ClInclude Include="TitleTree.h">
      <Filter>Title</Filter>
    </ClInclude>
    <ClInclude Include="TitleStar.h">
      <Filter>Title</Filter>
    </ClInclude>
    <ClInclude Include="Ellie.h">
      <Filter>Play</Filter>
    </ClInclude>
    <ClInclude Include="TitleTrainSmoke.h">
      <Filter>Title</Filter>
    </ClInclude>
    <ClInclude Include="TitleCloud.h">
      <Filter>Title</Filter>
    </ClInclude>
    <ClInclude Include="Room.h">
      <Filter>Play</Filter>
    </ClInclude>
    <ClInclude Include="MapEditorMode.h">
      <Filter>GameMode</Filter>
    </ClInclude>
    <ClInclude Include="ContentsEditorGUI.h">
      <Filter>GUI</Filter>
    </ClInclude>
    <ClInclude Include="Mongsiri.h">
      <Filter>Play</Filter>
    </ClInclude>
  </ItemGroup>
  <ItemGroup>
    <ClCompile Include="PreCompile.cpp">
      <Filter>_PreCompile</Filter>
    </ClCompile>
    <ClCompile Include="LWIWContentsCore.cpp" />
    <ClCompile Include="TitleGameMode.cpp">
      <Filter>GameMode</Filter>
    </ClCompile>
    <ClCompile Include="TitleLogo.cpp">
      <Filter>Title</Filter>
    </ClCompile>
    <ClCompile Include="TitleBackground.cpp">
      <Filter>Title</Filter>
    </ClCompile>
    <ClCompile Include="PlayGameMode.cpp">
      <Filter>GameMode</Filter>
    </ClCompile>
    <ClCompile Include="TitleMoon.cpp">
      <Filter>Title</Filter>
    </ClCompile>
    <ClCompile Include="TitleMountain.cpp">
      <Filter>Title</Filter>
    </ClCompile>
    <ClCompile Include="TitleBridge.cpp">
      <Filter>Title</Filter>
    </ClCompile>
    <ClCompile Include="TitleTrain.cpp">
      <Filter>Title</Filter>
    </ClCompile>
    <ClCompile Include="TitleTree.cpp">
      <Filter>Title</Filter>
    </ClCompile>
    <ClCompile Include="TitleStar.cpp">
      <Filter>Title</Filter>
    </ClCompile>
    <ClCompile Include="Ellie.cpp">
      <Filter>Play</Filter>
    </ClCompile>
    <ClCompile Include="TitleTrainSmoke.cpp">
      <Filter>Title</Filter>
    </ClCompile>
    <ClCompile Include="TitleCloud.cpp">
      <Filter>Title</Filter>
    </ClCompile>
    <ClCompile Include="Room.cpp">
      <Filter>Play</Filter>
    </ClCompile>
    <ClCompile Include="MapEditorMode.cpp">
      <Filter>GameMode</Filter>
    </ClCompile>
    <ClCompile Include="ContentsEditorGUI.cpp">
      <Filter>GUI</Filter>
    </ClCompile>
    <ClCompile Include="LWIWContentsCore_Resources.cpp" />
    <ClCompile Include="Mongsiri.cpp">
      <Filter>Play</Filter>
    </ClCompile>
  </ItemGroup>
  <ItemGroup>
    <Filter Include="_PreCompile">
      <UniqueIdentifier>{87217687-d5c3-44ef-9c7f-b319c8e9e2b0}</UniqueIdentifier>
    </Filter>
    <Filter Include="GameMode">
      <UniqueIdentifier>{e02aec90-5f95-4898-9d83-de01013a8840}</UniqueIdentifier>
    </Filter>
    <Filter Include="Title">
      <UniqueIdentifier>{a257b561-e912-4470-b9cc-b57cad6dc754}</UniqueIdentifier>
    </Filter>
    <Filter Include="Play">
      <UniqueIdentifier>{60df8352-56c7-492c-82c8-f0a47da95829}</UniqueIdentifier>
    </Filter>
    <Filter Include="GUI">
      <UniqueIdentifier>{99de96d3-5b72-47df-aa78-5ef2ef5d70f8}</UniqueIdentifier>
    </Filter>
  </ItemGroup>
</Project>