<?xml version="1.0" encoding="utf-8"?>
<Project ToolsVersion="4.0" xmlns="http://schemas.microsoft.com/developer/msbuild/2003">
  <ItemGroup>
    <ClInclude Include="PreCompile.h">
      <Filter>_PreCompile</Filter>
    </ClInclude>
    <ClInclude Include="IContentsCore.h">
      <Filter>Interface</Filter>
    </ClInclude>
    <ClInclude Include="Actor.h">
      <Filter>Object</Filter>
    </ClInclude>
    <ClInclude Include="Level.h">
      <Filter>Object</Filter>
    </ClInclude>
    <ClInclude Include="ActorComponent.h">
      <Filter>Object\Component</Filter>
    </ClInclude>
    <ClInclude Include="SceneComponent.h">
      <Filter>Object\Component</Filter>
    </ClInclude>
    <ClInclude Include="GameMode.h">
      <Filter>Object\Actor</Filter>
    </ClInclude>
    <ClInclude Include="Pawn.h">
      <Filter>Object\Actor</Filter>
    </ClInclude>
    <ClInclude Include="EngineGraphicDevice.h">
      <Filter>Graphic</Filter>
    </ClInclude>
    <ClInclude Include="EngineCamera.h">
      <Filter>Object\Render</Filter>
    </ClInclude>
    <ClInclude Include="CameraActor.h">
      <Filter>Object\Render</Filter>
    </ClInclude>
    <ClInclude Include="ThirdParty\DirectxTex\Inc\DirectXTex.h">
      <Filter>ThirdParty\DirectxTex\Inc</Filter>
    </ClInclude>
    <ClInclude Include="EngineResources.h">
      <Filter>Resources</Filter>
    </ClInclude>
    <ClInclude Include="Renderer.h">
      <Filter>Object\Component\Render</Filter>
    </ClInclude>
    <ClInclude Include="SpriteRenderer.h">
      <Filter>Object\Component\Contents</Filter>
    </ClInclude>
    <ClInclude Include="imstb_truetype.h">
      <Filter>GUI\IMGUI\Header</Filter>
    </ClInclude>
    <ClInclude Include="imconfig.h">
      <Filter>GUI\IMGUI\Header</Filter>
    </ClInclude>
    <ClInclude Include="imgui.h">
      <Filter>GUI\IMGUI\Header</Filter>
    </ClInclude>
    <ClInclude Include="imgui_internal.h">
      <Filter>GUI\IMGUI\Header</Filter>
    </ClInclude>
    <ClInclude Include="imstb_rectpack.h">
      <Filter>GUI\IMGUI\Header</Filter>
    </ClInclude>
    <ClInclude Include="imstb_textedit.h">
      <Filter>GUI\IMGUI\Header</Filter>
    </ClInclude>
    <ClInclude Include="imgui_impl_win32.h">
      <Filter>GUI\IMGUI\Header</Filter>
    </ClInclude>
    <ClInclude Include="imgui_impl_dx11.h">
      <Filter>GUI\IMGUI\Header</Filter>
    </ClInclude>
    <ClInclude Include="EngineGUI.h">
      <Filter>GUI\IMGUI</Filter>
    </ClInclude>
    <ClInclude Include="EngineGUIWindow.h">
      <Filter>GUI\IMGUI</Filter>
    </ClInclude>
    <ClInclude Include="DefaultSceneComponent.h">
      <Filter>Object\Component\Contents</Filter>
    </ClInclude>
    <ClInclude Include="EngineBlend.h">
      <Filter>Resources</Filter>
    </ClInclude>
    <ClInclude Include="EngineCore.h">
      <Filter>Core</Filter>
    </ClInclude>
    <ClInclude Include="EngineEnums.h">
      <Filter>Data</Filter>
    </ClInclude>
    <ClInclude Include="EngineSprite.h">
      <Filter>Resources\Texture</Filter>
    </ClInclude>
    <ClInclude Include="EngineTexture.h">
      <Filter>Resources\Texture</Filter>
    </ClInclude>
    <ClInclude Include="EngineVertexBuffer.h">
      <Filter>Resources\Buffer</Filter>
    </ClInclude>
    <ClInclude Include="EngineIndexBuffer.h">
      <Filter>Resources\Buffer</Filter>
    </ClInclude>
    <ClInclude Include="EngineVertex.h">
      <Filter>Resources\Mesh</Filter>
    </ClInclude>
    <ClInclude Include="Mesh.h">
      <Filter>Resources\Mesh</Filter>
    </ClInclude>
    <ClInclude Include="EngineShaderResources.h">
      <Filter>Render</Filter>
    </ClInclude>
    <ClInclude Include="EngineShader.h">
      <Filter>Resources\Shader</Filter>
    </ClInclude>
    <ClInclude Include="EngineRasterizerState.h">
      <Filter>Resources</Filter>
    </ClInclude>
    <ClInclude Include="EngineVertexShader.h">
      <Filter>Resources\Shader</Filter>
    </ClInclude>
    <ClInclude Include="EngineDeviceBuffer.h">
      <Filter>Resources\Buffer</Filter>
    </ClInclude>
    <ClInclude Include="EngineConstantBuffer.h">
      <Filter>Resources\Buffer</Filter>
    </ClInclude>
    <ClInclude Include="EnginePixelShader.h">
      <Filter>Resources\Shader</Filter>
    </ClInclude>
    <ClInclude Include="EngineMaterial.h">
      <Filter>Resources</Filter>
    </ClInclude>
    <ClInclude Include="EngineInputLayOutInfo.h">
      <Filter>Resources\Mesh</Filter>
    </ClInclude>
    <ClInclude Include="EngineSampler.h">
      <Filter>Resources\Texture</Filter>
    </ClInclude>
    <ClInclude Include="RenderUnit.h">
      <Filter>Render</Filter>
    </ClInclude>
    <ClInclude Include="EngineDepthStencilState.h">
      <Filter>Resources</Filter>
    </ClInclude>
    <ClInclude Include="TimeEventComponent.h">
      <Filter>Object\Component\Contents</Filter>
    </ClInclude>
    <ClInclude Include="Collision.h">
      <Filter>Object\Component\Collision</Filter>
    </ClInclude>
    <ClInclude Include="TileMapRenderer.h">
      <Filter>Object\Component\Contents</Filter>
    </ClInclude>
    <ClInclude Include="EngineRenderTarget.h">
      <Filter>Resources\Texture</Filter>
    </ClInclude>
    <ClInclude Include="Widget.h">
      <Filter>Object\UI</Filter>
    </ClInclude>
    <ClInclude Include="HUD.h">
      <Filter>Object\Actor</Filter>
    </ClInclude>
    <ClInclude Include="TransformObject.h">
      <Filter>Object\Component</Filter>
    </ClInclude>
    <ClInclude Include="EngineDataStruct.h">
      <Filter>Data</Filter>
    </ClInclude>
    <ClInclude Include="EngineFont.h">
      <Filter>Resources\Font</Filter>
    </ClInclude>
    <ClInclude Include="ThirdParty\FW1FontWrapper\Inc\FW1FontWrapper.h">
      <Filter>ThirdParty\FW1FontWrapper\Inc</Filter>
    </ClInclude>
    <ClInclude Include="ImageWidget.h">
      <Filter>Object\UI</Filter>
    </ClInclude>
    <ClInclude Include="FontWidget.h">
      <Filter>Object\UI</Filter>
    </ClInclude>
    <ClInclude Include="GameInstance.h">
      <Filter>Core</Filter>
    </ClInclude>
    <ClInclude Include="FontRenderer.h">
      <Filter>Object\Component\Contents</Filter>
    </ClInclude>
    <ClInclude Include="EngineStructuredBuffer.h">
      <Filter>Resources\Buffer</Filter>
    </ClInclude>
  </ItemGroup>
  <ItemGroup>
    <ClCompile Include="PreCompile.cpp">
      <Filter>_PreCompile</Filter>
    </ClCompile>
    <ClCompile Include="Actor.cpp">
      <Filter>Object</Filter>
    </ClCompile>
    <ClCompile Include="Level.cpp">
      <Filter>Object</Filter>
    </ClCompile>
    <ClCompile Include="ActorComponent.cpp">
      <Filter>Object\Component</Filter>
    </ClCompile>
    <ClCompile Include="SceneComponent.cpp">
      <Filter>Object\Component</Filter>
    </ClCompile>
    <ClCompile Include="GameMode.cpp">
      <Filter>Object\Actor</Filter>
    </ClCompile>
    <ClCompile Include="Pawn.cpp">
      <Filter>Object\Actor</Filter>
    </ClCompile>
    <ClCompile Include="EngineGraphicDevice.cpp">
      <Filter>Graphic</Filter>
    </ClCompile>
    <ClCompile Include="EngineCamera.cpp">
      <Filter>Object\Render</Filter>
    </ClCompile>
    <ClCompile Include="CameraActor.cpp">
      <Filter>Object\Render</Filter>
    </ClCompile>
    <ClCompile Include="EngineResources.cpp">
      <Filter>Resources</Filter>
    </ClCompile>
    <ClCompile Include="Renderer.cpp">
      <Filter>Object\Component\Render</Filter>
    </ClCompile>
    <ClCompile Include="SpriteRenderer.cpp">
      <Filter>Object\Component\Contents</Filter>
    </ClCompile>
    <ClCompile Include="imgui_widgets.cpp">
      <Filter>GUI\IMGUI\Cpp</Filter>
    </ClCompile>
    <ClCompile Include="imgui.cpp">
      <Filter>GUI\IMGUI\Cpp</Filter>
    </ClCompile>
    <ClCompile Include="imgui_draw.cpp">
      <Filter>GUI\IMGUI\Cpp</Filter>
    </ClCompile>
    <ClCompile Include="imgui_tables.cpp">
      <Filter>GUI\IMGUI\Cpp</Filter>
    </ClCompile>
    <ClCompile Include="imgui_impl_win32.cpp">
      <Filter>GUI\IMGUI\Cpp</Filter>
    </ClCompile>
    <ClCompile Include="imgui_impl_dx11.cpp">
      <Filter>GUI\IMGUI\Cpp</Filter>
    </ClCompile>
    <ClCompile Include="EngineGUI.cpp">
      <Filter>GUI\IMGUI</Filter>
    </ClCompile>
    <ClCompile Include="EngineGUIWindow.cpp">
      <Filter>GUI\IMGUI</Filter>
    </ClCompile>
    <ClCompile Include="DefaultSceneComponent.cpp">
      <Filter>Object\Component\Contents</Filter>
    </ClCompile>
    <ClCompile Include="EngineGraphicDevice_Resources.cpp">
      <Filter>Graphic</Filter>
    </ClCompile>
    <ClCompile Include="EngineBlend.cpp">
      <Filter>Resources</Filter>
    </ClCompile>
    <ClCompile Include="EngineCore.cpp">
      <Filter>Core</Filter>
    </ClCompile>
    <ClCompile Include="EngineSprite.cpp">
      <Filter>Resources\Texture</Filter>
    </ClCompile>
    <ClCompile Include="EngineTexture.cpp">
      <Filter>Resources\Texture</Filter>
    </ClCompile>
    <ClCompile Include="EngineVertexBuffer.cpp">
      <Filter>Resources\Buffer</Filter>
    </ClCompile>
    <ClCompile Include="EngineIndexBuffer.cpp">
      <Filter>Resources\Buffer</Filter>
    </ClCompile>
    <ClCompile Include="Mesh.cpp">
      <Filter>Resources\Mesh</Filter>
    </ClCompile>
    <ClCompile Include="EngineShaderResources.cpp">
      <Filter>Render</Filter>
    </ClCompile>
    <ClCompile Include="EngineShader.cpp">
      <Filter>Resources\Shader</Filter>
    </ClCompile>
    <ClCompile Include="EngineRasterizerState.cpp">
      <Filter>Resources</Filter>
    </ClCompile>
    <ClCompile Include="EngineVertexShader.cpp">
      <Filter>Resources\Shader</Filter>
    </ClCompile>
    <ClCompile Include="EngineDeviceBuffer.cpp">
      <Filter>Resources\Buffer</Filter>
    </ClCompile>
    <ClCompile Include="EngineConstantBuffer.cpp">
      <Filter>Resources\Buffer</Filter>
    </ClCompile>
    <ClCompile Include="EnginePixelShader.cpp">
      <Filter>Resources\Shader</Filter>
    </ClCompile>
    <ClCompile Include="EngineMaterial.cpp">
      <Filter>Resources</Filter>
    </ClCompile>
    <ClCompile Include="EngineVertex.cpp">
      <Filter>Resources\Mesh</Filter>
    </ClCompile>
    <ClCompile Include="EngineInputLayOutInfo.cpp">
      <Filter>Resources\Mesh</Filter>
    </ClCompile>
    <ClCompile Include="EngineSampler.cpp">
      <Filter>Resources\Texture</Filter>
    </ClCompile>
    <ClCompile Include="RenderUnit.cpp">
      <Filter>Render</Filter>
    </ClCompile>
    <ClCompile Include="EngineDepthStencilState.cpp">
      <Filter>Resources</Filter>
    </ClCompile>
    <ClCompile Include="TimeEventComponent.cpp">
      <Filter>Object\Component\Contents</Filter>
    </ClCompile>
    <ClCompile Include="Collision.cpp">
      <Filter>Object\Component\Collision</Filter>
    </ClCompile>
    <ClCompile Include="TileMapRenderer.cpp">
      <Filter>Object\Component\Contents</Filter>
    </ClCompile>
    <ClCompile Include="EngineRenderTarget.cpp">
      <Filter>Resources\Texture</Filter>
    </ClCompile>
    <ClCompile Include="Widget.cpp">
      <Filter>Object\UI</Filter>
    </ClCompile>
    <ClCompile Include="HUD.cpp">
      <Filter>Object\Actor</Filter>
    </ClCompile>
    <ClCompile Include="TransformObject.cpp">
      <Filter>Object\Component</Filter>
    </ClCompile>
    <ClCompile Include="EngineFont.cpp">
      <Filter>Resources\Font</Filter>
    </ClCompile>
    <ClCompile Include="ImageWidget.cpp">
      <Filter>Object\UI</Filter>
    </ClCompile>
    <ClCompile Include="FontWidget.cpp">
      <Filter>Object\UI</Filter>
    </ClCompile>
    <ClCompile Include="GameInstance.cpp">
      <Filter>Core</Filter>
    </ClCompile>
    <ClCompile Include="FontRenderer.cpp">
      <Filter>Object\Component\Contents</Filter>
    </ClCompile>
    <ClCompile Include="EngineStructuredBuffer.cpp">
      <Filter>Resources\Buffer</Filter>
    </ClCompile>
  </ItemGroup>
  <ItemGroup>
    <Filter Include="_PreCompile">
      <UniqueIdentifier>{e86fd03b-b205-44af-829d-daad17726860}</UniqueIdentifier>
    </Filter>
    <Filter Include="Core">
      <UniqueIdentifier>{92ab7ebc-c56a-4b11-ba68-f8bc8e56b16c}</UniqueIdentifier>
    </Filter>
    <Filter Include="Interface">
      <UniqueIdentifier>{fd040aee-4783-417a-b64f-bf76a45b8450}</UniqueIdentifier>
    </Filter>
    <Filter Include="Object">
      <UniqueIdentifier>{eb638aaf-c1d0-4c95-b623-7d91bba87bf2}</UniqueIdentifier>
    </Filter>
    <Filter Include="Object\Component">
      <UniqueIdentifier>{22a64c6c-f17e-46ca-97ff-f86ae655f222}</UniqueIdentifier>
    </Filter>
    <Filter Include="Object\Actor">
      <UniqueIdentifier>{23dca97b-fc3e-4953-b6bb-df96dd8ee80f}</UniqueIdentifier>
    </Filter>
    <Filter Include="Object\Component\Contents">
      <UniqueIdentifier>{4a2d1c7d-4d71-45a0-afa0-7f76325a553d}</UniqueIdentifier>
    </Filter>
    <Filter Include="Graphic">
      <UniqueIdentifier>{cda7a018-5f66-4caa-94e2-13f9167b999d}</UniqueIdentifier>
    </Filter>
    <Filter Include="Object\Render">
      <UniqueIdentifier>{8df73ea7-bc9b-43a7-a5c0-a5eb54c525df}</UniqueIdentifier>
    </Filter>
    <Filter Include="ThirdParty">
      <UniqueIdentifier>{405f0c33-f76f-4329-95ad-91cc48a86b3f}</UniqueIdentifier>
    </Filter>
    <Filter Include="ThirdParty\DirectxTex">
      <UniqueIdentifier>{9ee0938d-cd76-4549-a6e2-0b31e380a36e}</UniqueIdentifier>
    </Filter>
    <Filter Include="ThirdParty\DirectxTex\Debug">
      <UniqueIdentifier>{30eabe7b-b5aa-4608-83b6-e771dad04dbb}</UniqueIdentifier>
    </Filter>
    <Filter Include="ThirdParty\DirectxTex\Inc">
      <UniqueIdentifier>{696d2ef9-fefc-4d07-a292-89fb6197adfc}</UniqueIdentifier>
    </Filter>
    <Filter Include="ThirdParty\DirectxTex\Release">
      <UniqueIdentifier>{f9cadd94-30d0-4196-bb2b-8f667128974d}</UniqueIdentifier>
    </Filter>
    <Filter Include="Resources">
      <UniqueIdentifier>{cbd482af-c0c8-472b-bd0f-f61167508f94}</UniqueIdentifier>
    </Filter>
    <Filter Include="Object\Component\Render">
      <UniqueIdentifier>{a65aa5a9-8914-47f8-bcec-efe02ee7ee60}</UniqueIdentifier>
    </Filter>
    <Filter Include="GUI">
      <UniqueIdentifier>{d959124b-8f28-4b0a-b729-4099814ee012}</UniqueIdentifier>
    </Filter>
    <Filter Include="GUI\IMGUI">
      <UniqueIdentifier>{5b9c5fd6-9862-4c65-b65c-b63ad7dae939}</UniqueIdentifier>
    </Filter>
    <Filter Include="GUI\IMGUI\Cpp">
      <UniqueIdentifier>{71a94088-5771-45d8-aa46-3ca445a85180}</UniqueIdentifier>
    </Filter>
    <Filter Include="GUI\IMGUI\Header">
      <UniqueIdentifier>{c807bf1a-873c-4f49-8d1e-cc8ac65ac50b}</UniqueIdentifier>
    </Filter>
    <Filter Include="Data">
      <UniqueIdentifier>{bdcefa24-7465-43ed-bf29-0c3701992220}</UniqueIdentifier>
    </Filter>
    <Filter Include="Resources\Shader">
      <UniqueIdentifier>{db8c4305-d7b3-4346-9096-dc1909badc38}</UniqueIdentifier>
    </Filter>
    <Filter Include="Resources\Texture">
      <UniqueIdentifier>{5f8719e4-baf0-4d9d-980a-c4aaf7dd34eb}</UniqueIdentifier>
    </Filter>
    <Filter Include="Resources\Buffer">
      <UniqueIdentifier>{a1d1f84c-e2b6-4380-b02f-1667baefeafb}</UniqueIdentifier>
    </Filter>
    <Filter Include="Resources\Mesh">
      <UniqueIdentifier>{d188f0e9-a416-4e6b-8eed-7deefd39c0a0}</UniqueIdentifier>
    </Filter>
    <Filter Include="Render">
      <UniqueIdentifier>{aa4c3d54-487e-416b-ac91-ee6e9e870bf4}</UniqueIdentifier>
    </Filter>
    <Filter Include="Object\Component\Collision">
      <UniqueIdentifier>{36cf4ab6-9844-488e-aeed-c4562807a12c}</UniqueIdentifier>
    </Filter>
    <Filter Include="Object\UI">
      <UniqueIdentifier>{0a380073-299b-40f8-b060-49ab35521abd}</UniqueIdentifier>
    </Filter>
    <Filter Include="Resources\Font">
      <UniqueIdentifier>{8201ab8d-4369-4f4c-ae7d-a351e7d51d87}</UniqueIdentifier>
    </Filter>
    <Filter Include="ThirdParty\FW1FontWrapper">
      <UniqueIdentifier>{ad043d07-5ea8-4f80-a2ca-08572c765833}</UniqueIdentifier>
    </Filter>
    <Filter Include="ThirdParty\FW1FontWrapper\Debug">
      <UniqueIdentifier>{2177a7a5-0dc3-4793-b8b0-8fa9071ed46a}</UniqueIdentifier>
    </Filter>
    <Filter Include="ThirdParty\FW1FontWrapper\Release">
      <UniqueIdentifier>{eadf4cf3-39ec-4c5b-8687-c67d2399080e}</UniqueIdentifier>
    </Filter>
    <Filter Include="ThirdParty\FW1FontWrapper\Inc">
      <UniqueIdentifier>{5e2589c0-912d-4ec1-82e0-beb2f9adf415}</UniqueIdentifier>
    </Filter>
  </ItemGroup>
  <ItemGroup>
    <None Include="ThirdParty\DirectxTex\Inc\DirectXTex.inl">
      <Filter>ThirdParty\DirectxTex\Inc</Filter>
    </None>
  </ItemGroup>
  <ItemGroup>
    <CopyFileToFolders Include="ThirdParty\DirectxTex\Debug\DirectXTex_Debug.lib">
      <Filter>ThirdParty\DirectxTex\Debug</Filter>
    </CopyFileToFolders>
    <CopyFileToFolders Include="ThirdParty\DirectxTex\Release\DirectXTex_Release.lib">
      <Filter>ThirdParty\DirectxTex\Release</Filter>
    </CopyFileToFolders>
    <CopyFileToFolders Include="ThirdParty\FW1FontWrapper\Debug\FW1FontWrapper.dll">
      <Filter>ThirdParty\FW1FontWrapper\Debug</Filter>
    </CopyFileToFolders>
    <CopyFileToFolders Include="ThirdParty\FW1FontWrapper\Debug\FW1FontWrapper.lib">
      <Filter>ThirdParty\FW1FontWrapper\Debug</Filter>
    </CopyFileToFolders>
    <CopyFileToFolders Include="ThirdParty\FW1FontWrapper\Release\FW1FontWrapper.dll">
      <Filter>ThirdParty\FW1FontWrapper\Release</Filter>
    </CopyFileToFolders>
    <CopyFileToFolders Include="ThirdParty\FW1FontWrapper\Release\FW1FontWrapper.lib">
      <Filter>ThirdParty\FW1FontWrapper\Release</Filter>
    </CopyFileToFolders>
  </ItemGroup>
</Project>